PODS:
  - MSVRoundedDraggableUIImageView-Swift (0.2.0)

DEPENDENCIES:
  - MSVRoundedDraggableUIImageView-Swift (from `../`)

EXTERNAL SOURCES:
  MSVRoundedDraggableUIImageView-Swift:
    :path: "../"

SPEC CHECKSUMS:
  MSVRoundedDraggableUIImageView-Swift: 1b6fa791bf767600bc8bd7d7de0049147906eb27

PODFILE CHECKSUM: d81c4439cd923f68a552e1003213bc36e33f7753

COCOAPODS: 1.5.3
