PODS:
  - MSVRoundedDraggableUIImageView-Swift (0.1.0)

DEPENDENCIES:
  - MSVRoundedDraggableUIImageView-Swift (from `../`)

EXTERNAL SOURCES:
  MSVRoundedDraggableUIImageView-Swift:
    :path: ../

SPEC CHECKSUMS:
  MSVRoundedDraggableUIImageView-Swift: a397c47a3808351bf835bc77c6cc35f4d3fcc962

PODFILE CHECKSUM: d81c4439cd923f68a552e1003213bc36e33f7753

COCOAPODS: 1.3.1
